<?xml version="1.0" encoding="utf-8"?>
<Project ToolsVersion="4.0" xmlns="http://schemas.microsoft.com/developer/msbuild/2003">
  <ItemGroup>
    <ClCompile Include="..\Classes\AppDelegate.cpp" />
    <ClCompile Include="..\Classes\Archer.cpp" />
    <ClCompile Include="..\Classes\Archer_Fire.cpp" />
    <ClCompile Include="..\Classes\Archer_knife.cpp" />
    <ClCompile Include="..\Classes\Arrow.cpp" />
    <ClCompile Include="..\Classes\AxeKnight.cpp" />
    <ClCompile Include="..\Classes\AxeOrk.cpp" />
    <ClCompile Include="..\Classes\Boat.cpp" />
    <ClCompile Include="..\Classes\BoneTroll.cpp" />
    <ClCompile Include="..\Classes\Castle.cpp" />
    <ClCompile Include="..\Classes\Character.cpp" />
    <ClCompile Include="..\Classes\HammerOrk.cpp" />
    <ClCompile Include="..\Classes\Fire.cpp" />
    <ClCompile Include="..\Classes\HammerTroll.cpp" />
    <ClCompile Include="..\Classes\HelloWorldScene.cpp" />
    <ClCompile Include="..\Classes\Knife.cpp" />
    <ClCompile Include="..\Classes\PopUp.cpp" />
    <ClCompile Include="..\Classes\PopUpSetting.cpp" />
    <ClCompile Include="..\Classes\BoneTroll.cpp">
      <Filter>src\Models</Filter>
    </ClCompile>
    <ClCompile Include="..\Classes\HammerOrk.cpp">
      <Filter>src\Models</Filter>
    </ClCompile>
    <ClCompile Include="..\Classes\Fire.cpp">
      <Filter>src\Models</Filter>
    </ClCompile>
    <ClCompile Include="..\Classes\Archer_Fire.cpp">
      <Filter>src\Models</Filter>
    </ClCompile>
    <ClCompile Include="..\Classes\AxeOrk.cpp">
      <Filter>src\Models</Filter>
    </ClCompile>
    <ClCompile Include="..\Classes\AxeKnight.cpp">
      <Filter>src\Models</Filter>
    </ClCompile>
    <ClCompile Include="..\Classes\Boat.cpp">
      <Filter>src\Models</Filter>
    </ClCompile>
    <ClCompile Include="..\Classes\Castle.cpp">
      <Filter>src\Models</Filter>
    </ClCompile>
    <ClCompile Include="..\Classes\Model.cpp" />
    <ClCompile Include="..\Classes\pedestal.cpp" />
    <ClCompile Include="..\Classes\SpearKnight.cpp" />
    <ClCompile Include="..\Classes\SwordKnight.cpp" />
    <ClCompile Include="..\Classes\SwordOrk.cpp" />
    <ClCompile Include="..\Classes\TitleScene.cpp" />
    <ClCompile Include="..\Classes\Troll.cpp" />
    <ClCompile Include="main.cpp" />
    <ClCompile Include="..\Classes\PopUpLevelUp.cpp" />
  </ItemGroup>
  <ItemGroup>
    <ClInclude Include="..\Classes\AppDelegate.h" />
    <ClInclude Include="..\Classes\Archer.h" />
    <ClInclude Include="..\Classes\Archer_Fire.h" />
    <ClInclude Include="..\Classes\Archer_knife.h" />
    <ClInclude Include="..\Classes\Arrow.h" />
    <ClInclude Include="..\Classes\AxeKnight.h" />
    <ClInclude Include="..\Classes\AxeOrk.h" />
    <ClInclude Include="..\Classes\Boat.h" />
    <ClInclude Include="..\Classes\BoneTroll.h" />
    <ClInclude Include="..\Classes\Castle.h" />
    <ClInclude Include="..\Classes\Character.h" />
    <ClInclude Include="..\Classes\Defines.h" />
    <ClInclude Include="..\Classes\HammerOrk.h" />
    <ClInclude Include="..\Classes\Fire.h" />
    <ClInclude Include="..\Classes\HammerTroll.h" />
    <ClInclude Include="..\Classes\HelloWorldScene.h" />
    <ClInclude Include="..\Classes\Knife.h" />
    <ClInclude Include="..\Classes\PopUp.h" />
    <ClInclude Include="..\Classes\PopUpSetting.h" />
    <ClInclude Include="..\Classes\BoneTroll.h">
      <Filter>src\Models</Filter>
    </ClInclude>
    <ClInclude Include="..\Classes\HammerOrk.h">
      <Filter>src\Models</Filter>
    </ClInclude>
    <ClInclude Include="..\Classes\Fire.h">
      <Filter>src\Models</Filter>
    </ClInclude>
    <ClInclude Include="..\Classes\Archer_Fire.h">
      <Filter>src\Models</Filter>
    </ClInclude>
    <ClInclude Include="..\Classes\AxeOrk.h">
      <Filter>src\Models</Filter>
    </ClInclude>
    <ClInclude Include="..\Classes\AxeKnight.h">
      <Filter>src\Models</Filter>
    </ClInclude>
    <ClInclude Include="..\Classes\Boat.h">
      <Filter>src\Models</Filter>
    </ClInclude>
    <ClInclude Include="..\Classes\Castle.h">
      <Filter>src\Models</Filter>
    </ClInclude>
    <ClInclude Include="..\Classes\Model.h" />
    <ClInclude Include="..\Classes\pedestal.h" />
    <ClInclude Include="..\Classes\SpearKnight.h" />
    <ClInclude Include="..\Classes\SwordKnight.h" />
    <ClInclude Include="..\Classes\SwordOrk.h" />
    <ClInclude Include="..\Classes\TitleScene.h" />
    <ClInclude Include="..\Classes\Troll.h" />
    <ClInclude Include="main.h" />
    <ClInclude Include="..\Classes\PopUpLevelUp.h" />
  </ItemGroup>
  <ItemGroup>
    <ResourceCompile Include="game.rc" />
  </ItemGroup>
</Project>